
Microsoft Visual Studio Solution File, Format Version 12.00
# Visual Studio Version 16
VisualStudioVersion = 16.0.32002.261
MinimumVisualStudioVersion = 10.0.40219.1
Project("{FAE04EC0-301F-11D3-BF4B-00C04F79EFBC}") = "Tempara4a", "App1\Tempara4a.csproj", "{C9706682-CE2E-450D-8BD5-769439DF1F37}"
EndProject
Project("{FAE04EC0-301F-11D3-BF4B-00C04F79EFBC}") = "App2", "App2\App2.csproj", "{912DBF5C-B61D-4C47-A4AF-110754786836}"
EndProject
Project("{FAE04EC0-301F-11D3-BF4B-00C04F79EFBC}") = "FormsApp3.Android", "FormsApp3\FormsApp3.Android\FormsApp3.Android.csproj", "{19925433-09EC-4A57-841D-8FCEE71943FC}"
EndProject
Project("{FAE04EC0-301F-11D3-BF4B-00C04F79EFBC}") = "FormsApp3.iOS", "FormsApp3\FormsApp3.iOS\FormsApp3.iOS.csproj", "{0FA02BB6-8C41-4FC5-8A8A-66AD651C259E}"
EndProject
Project("{FAE04EC0-301F-11D3-BF4B-00C04F79EFBC}") = "FormsApp3", "FormsApp3\FormsApp3\FormsApp3.csproj", "{24982365-3635-4CA8-A0C4-EB7BA69F1A44}"
EndProject
Project("{FAE04EC0-301F-11D3-BF4B-00C04F79EFBC}") = "get_nano", "get_nano\get_nano.csproj", "{4FB4D4A0-0E67-45DA-A57B-181B65A4D681}"
EndProject
Project("{FAE04EC0-301F-11D3-BF4B-00C04F79EFBC}") = "get_nano_udp", "get_nano_udp\get_nano_udp.csproj", "{D45702D6-D307-4A4A-A948-CDF0EE5B289C}"
EndProject
Project("{8BC9CEB8-8B4A-11D0-8D11-00A0C91BC942}") = "get_nano_cpp", "get_nano_cpp\get_nano_cpp.vcxproj", "{A8FD12A7-DEEC-47E0-857E-E59021188575}"
EndProject
Global
	GlobalSection(SolutionConfigurationPlatforms) = preSolution
		Debug|Any CPU = Debug|Any CPU
		Debug|iPhone = Debug|iPhone
		Debug|iPhoneSimulator = Debug|iPhoneSimulator
		Debug|x64 = Debug|x64
		Debug|x86 = Debug|x86
		Release|Any CPU = Release|Any CPU
		Release|iPhone = Release|iPhone
		Release|iPhoneSimulator = Release|iPhoneSimulator
		Release|x64 = Release|x64
		Release|x86 = Release|x86
	EndGlobalSection
	GlobalSection(ProjectConfigurationPlatforms) = postSolution
		{C9706682-CE2E-450D-8BD5-769439DF1F37}.Debug|Any CPU.ActiveCfg = Debug|Any CPU
		{C9706682-CE2E-450D-8BD5-769439DF1F37}.Debug|Any CPU.Build.0 = Debug|Any CPU
		{C9706682-CE2E-450D-8BD5-769439DF1F37}.Debug|Any CPU.Deploy.0 = Debug|Any CPU
		{C9706682-CE2E-450D-8BD5-769439DF1F37}.Debug|iPhone.ActiveCfg = Debug|Any CPU
		{C9706682-CE2E-450D-8BD5-769439DF1F37}.Debug|iPhone.Build.0 = Debug|Any CPU
		{C9706682-CE2E-450D-8BD5-769439DF1F37}.Debug|iPhone.Deploy.0 = Debug|Any CPU
		{C9706682-CE2E-450D-8BD5-769439DF1F37}.Debug|iPhoneSimulator.ActiveCfg = Debug|Any CPU
		{C9706682-CE2E-450D-8BD5-769439DF1F37}.Debug|iPhoneSimulator.Build.0 = Debug|Any CPU
		{C9706682-CE2E-450D-8BD5-769439DF1F37}.Debug|iPhoneSimulator.Deploy.0 = Debug|Any CPU
		{C9706682-CE2E-450D-8BD5-769439DF1F37}.Debug|x64.ActiveCfg = Debug|Any CPU
		{C9706682-CE2E-450D-8BD5-769439DF1F37}.Debug|x64.Build.0 = Debug|Any CPU
		{C9706682-CE2E-450D-8BD5-769439DF1F37}.Debug|x64.Deploy.0 = Debug|Any CPU
		{C9706682-CE2E-450D-8BD5-769439DF1F37}.Debug|x86.ActiveCfg = Debug|Any CPU
		{C9706682-CE2E-450D-8BD5-769439DF1F37}.Debug|x86.Build.0 = Debug|Any CPU
		{C9706682-CE2E-450D-8BD5-769439DF1F37}.Debug|x86.Deploy.0 = Debug|Any CPU
		{C9706682-CE2E-450D-8BD5-769439DF1F37}.Release|Any CPU.ActiveCfg = Release|Any CPU
		{C9706682-CE2E-450D-8BD5-769439DF1F37}.Release|Any CPU.Build.0 = Release|Any CPU
		{C9706682-CE2E-450D-8BD5-769439DF1F37}.Release|Any CPU.Deploy.0 = Release|Any CPU
		{C9706682-CE2E-450D-8BD5-769439DF1F37}.Release|iPhone.ActiveCfg = Release|Any CPU
		{C9706682-CE2E-450D-8BD5-769439DF1F37}.Release|iPhone.Build.0 = Release|Any CPU
		{C9706682-CE2E-450D-8BD5-769439DF1F37}.Release|iPhone.Deploy.0 = Release|Any CPU
		{C9706682-CE2E-450D-8BD5-769439DF1F37}.Release|iPhoneSimulator.ActiveCfg = Release|Any CPU
		{C9706682-CE2E-450D-8BD5-769439DF1F37}.Release|iPhoneSimulator.Build.0 = Release|Any CPU
		{C9706682-CE2E-450D-8BD5-769439DF1F37}.Release|iPhoneSimulator.Deploy.0 = Release|Any CPU
		{C9706682-CE2E-450D-8BD5-769439DF1F37}.Release|x64.ActiveCfg = Release|Any CPU
		{C9706682-CE2E-450D-8BD5-769439DF1F37}.Release|x64.Build.0 = Release|Any CPU
		{C9706682-CE2E-450D-8BD5-769439DF1F37}.Release|x64.Deploy.0 = Release|Any CPU
		{C9706682-CE2E-450D-8BD5-769439DF1F37}.Release|x86.ActiveCfg = Release|Any CPU
		{C9706682-CE2E-450D-8BD5-769439DF1F37}.Release|x86.Build.0 = Release|Any CPU
		{C9706682-CE2E-450D-8BD5-769439DF1F37}.Release|x86.Deploy.0 = Release|Any CPU
		{912DBF5C-B61D-4C47-A4AF-110754786836}.Debug|Any CPU.ActiveCfg = Debug|Any CPU
		{912DBF5C-B61D-4C47-A4AF-110754786836}.Debug|Any CPU.Build.0 = Debug|Any CPU
		{912DBF5C-B61D-4C47-A4AF-110754786836}.Debug|Any CPU.Deploy.0 = Debug|Any CPU
		{912DBF5C-B61D-4C47-A4AF-110754786836}.Debug|iPhone.ActiveCfg = Debug|Any CPU
		{912DBF5C-B61D-4C47-A4AF-110754786836}.Debug|iPhone.Build.0 = Debug|Any CPU
		{912DBF5C-B61D-4C47-A4AF-110754786836}.Debug|iPhone.Deploy.0 = Debug|Any CPU
		{912DBF5C-B61D-4C47-A4AF-110754786836}.Debug|iPhoneSimulator.ActiveCfg = Debug|Any CPU
		{912DBF5C-B61D-4C47-A4AF-110754786836}.Debug|iPhoneSimulator.Build.0 = Debug|Any CPU
		{912DBF5C-B61D-4C47-A4AF-110754786836}.Debug|iPhoneSimulator.Deploy.0 = Debug|Any CPU
		{912DBF5C-B61D-4C47-A4AF-110754786836}.Debug|x64.ActiveCfg = Debug|Any CPU
		{912DBF5C-B61D-4C47-A4AF-110754786836}.Debug|x64.Build.0 = Debug|Any CPU
		{912DBF5C-B61D-4C47-A4AF-110754786836}.Debug|x64.Deploy.0 = Debug|Any CPU
		{912DBF5C-B61D-4C47-A4AF-110754786836}.Debug|x86.ActiveCfg = Debug|Any CPU
		{912DBF5C-B61D-4C47-A4AF-110754786836}.Debug|x86.Build.0 = Debug|Any CPU
		{912DBF5C-B61D-4C47-A4AF-110754786836}.Debug|x86.Deploy.0 = Debug|Any CPU
		{912DBF5C-B61D-4C47-A4AF-110754786836}.Release|Any CPU.ActiveCfg = Release|Any CPU
		{912DBF5C-B61D-4C47-A4AF-110754786836}.Release|Any CPU.Build.0 = Release|Any CPU
		{912DBF5C-B61D-4C47-A4AF-110754786836}.Release|Any CPU.Deploy.0 = Release|Any CPU
		{912DBF5C-B61D-4C47-A4AF-110754786836}.Release|iPhone.ActiveCfg = Release|Any CPU
		{912DBF5C-B61D-4C47-A4AF-110754786836}.Release|iPhone.Build.0 = Release|Any CPU
		{912DBF5C-B61D-4C47-A4AF-110754786836}.Release|iPhone.Deploy.0 = Release|Any CPU
		{912DBF5C-B61D-4C47-A4AF-110754786836}.Release|iPhoneSimulator.ActiveCfg = Release|Any CPU
		{912DBF5C-B61D-4C47-A4AF-110754786836}.Release|iPhoneSimulator.Build.0 = Release|Any CPU
		{912DBF5C-B61D-4C47-A4AF-110754786836}.Release|iPhoneSimulator.Deploy.0 = Release|Any CPU
		{912DBF5C-B61D-4C47-A4AF-110754786836}.Release|x64.ActiveCfg = Release|Any CPU
		{912DBF5C-B61D-4C47-A4AF-110754786836}.Release|x64.Build.0 = Release|Any CPU
		{912DBF5C-B61D-4C47-A4AF-110754786836}.Release|x64.Deploy.0 = Release|Any CPU
		{912DBF5C-B61D-4C47-A4AF-110754786836}.Release|x86.ActiveCfg = Release|Any CPU
		{912DBF5C-B61D-4C47-A4AF-110754786836}.Release|x86.Build.0 = Release|Any CPU
		{912DBF5C-B61D-4C47-A4AF-110754786836}.Release|x86.Deploy.0 = Release|Any CPU
		{19925433-09EC-4A57-841D-8FCEE71943FC}.Debug|Any CPU.ActiveCfg = Debug|Any CPU
		{19925433-09EC-4A57-841D-8FCEE71943FC}.Debug|Any CPU.Build.0 = Debug|Any CPU
		{19925433-09EC-4A57-841D-8FCEE71943FC}.Debug|Any CPU.Deploy.0 = Debug|Any CPU
		{19925433-09EC-4A57-841D-8FCEE71943FC}.Debug|iPhone.ActiveCfg = Debug|Any CPU
		{19925433-09EC-4A57-841D-8FCEE71943FC}.Debug|iPhone.Build.0 = Debug|Any CPU
		{19925433-09EC-4A57-841D-8FCEE71943FC}.Debug|iPhone.Deploy.0 = Debug|Any CPU
		{19925433-09EC-4A57-841D-8FCEE71943FC}.Debug|iPhoneSimulator.ActiveCfg = Debug|Any CPU
		{19925433-09EC-4A57-841D-8FCEE71943FC}.Debug|iPhoneSimulator.Build.0 = Debug|Any CPU
		{19925433-09EC-4A57-841D-8FCEE71943FC}.Debug|iPhoneSimulator.Deploy.0 = Debug|Any CPU
		{19925433-09EC-4A57-841D-8FCEE71943FC}.Debug|x64.ActiveCfg = Debug|Any CPU
		{19925433-09EC-4A57-841D-8FCEE71943FC}.Debug|x64.Build.0 = Debug|Any CPU
		{19925433-09EC-4A57-841D-8FCEE71943FC}.Debug|x64.Deploy.0 = Debug|Any CPU
		{19925433-09EC-4A57-841D-8FCEE71943FC}.Debug|x86.ActiveCfg = Debug|Any CPU
		{19925433-09EC-4A57-841D-8FCEE71943FC}.Debug|x86.Build.0 = Debug|Any CPU
		{19925433-09EC-4A57-841D-8FCEE71943FC}.Debug|x86.Deploy.0 = Debug|Any CPU
		{19925433-09EC-4A57-841D-8FCEE71943FC}.Release|Any CPU.ActiveCfg = Release|Any CPU
		{19925433-09EC-4A57-841D-8FCEE71943FC}.Release|Any CPU.Build.0 = Release|Any CPU
		{19925433-09EC-4A57-841D-8FCEE71943FC}.Release|Any CPU.Deploy.0 = Release|Any CPU
		{19925433-09EC-4A57-841D-8FCEE71943FC}.Release|iPhone.ActiveCfg = Release|Any CPU
		{19925433-09EC-4A57-841D-8FCEE71943FC}.Release|iPhone.Build.0 = Release|Any CPU
		{19925433-09EC-4A57-841D-8FCEE71943FC}.Release|iPhone.Deploy.0 = Release|Any CPU
		{19925433-09EC-4A57-841D-8FCEE71943FC}.Release|iPhoneSimulator.ActiveCfg = Release|Any CPU
		{19925433-09EC-4A57-841D-8FCEE71943FC}.Release|iPhoneSimulator.Build.0 = Release|Any CPU
		{19925433-09EC-4A57-841D-8FCEE71943FC}.Release|iPhoneSimulator.Deploy.0 = Release|Any CPU
		{19925433-09EC-4A57-841D-8FCEE71943FC}.Release|x64.ActiveCfg = Release|Any CPU
		{19925433-09EC-4A57-841D-8FCEE71943FC}.Release|x64.Build.0 = Release|Any CPU
		{19925433-09EC-4A57-841D-8FCEE71943FC}.Release|x64.Deploy.0 = Release|Any CPU
		{19925433-09EC-4A57-841D-8FCEE71943FC}.Release|x86.ActiveCfg = Release|Any CPU
		{19925433-09EC-4A57-841D-8FCEE71943FC}.Release|x86.Build.0 = Release|Any CPU
		{19925433-09EC-4A57-841D-8FCEE71943FC}.Release|x86.Deploy.0 = Release|Any CPU
		{0FA02BB6-8C41-4FC5-8A8A-66AD651C259E}.Debug|Any CPU.ActiveCfg = Debug|iPhoneSimulator
		{0FA02BB6-8C41-4FC5-8A8A-66AD651C259E}.Debug|iPhone.ActiveCfg = Debug|iPhone
		{0FA02BB6-8C41-4FC5-8A8A-66AD651C259E}.Debug|iPhone.Build.0 = Debug|iPhone
		{0FA02BB6-8C41-4FC5-8A8A-66AD651C259E}.Debug|iPhoneSimulator.ActiveCfg = Debug|iPhoneSimulator
		{0FA02BB6-8C41-4FC5-8A8A-66AD651C259E}.Debug|iPhoneSimulator.Build.0 = Debug|iPhoneSimulator
		{0FA02BB6-8C41-4FC5-8A8A-66AD651C259E}.Debug|x64.ActiveCfg = Debug|iPhoneSimulator
		{0FA02BB6-8C41-4FC5-8A8A-66AD651C259E}.Debug|x86.ActiveCfg = Debug|iPhoneSimulator
		{0FA02BB6-8C41-4FC5-8A8A-66AD651C259E}.Release|Any CPU.ActiveCfg = Release|iPhoneSimulator
		{0FA02BB6-8C41-4FC5-8A8A-66AD651C259E}.Release|iPhone.ActiveCfg = Release|iPhone
		{0FA02BB6-8C41-4FC5-8A8A-66AD651C259E}.Release|iPhone.Build.0 = Release|iPhone
		{0FA02BB6-8C41-4FC5-8A8A-66AD651C259E}.Release|iPhoneSimulator.ActiveCfg = Release|iPhoneSimulator
		{0FA02BB6-8C41-4FC5-8A8A-66AD651C259E}.Release|iPhoneSimulator.Build.0 = Release|iPhoneSimulator
		{0FA02BB6-8C41-4FC5-8A8A-66AD651C259E}.Release|x64.ActiveCfg = Release|iPhoneSimulator
		{0FA02BB6-8C41-4FC5-8A8A-66AD651C259E}.Release|x86.ActiveCfg = Release|iPhoneSimulator
		{24982365-3635-4CA8-A0C4-EB7BA69F1A44}.Debug|Any CPU.ActiveCfg = Debug|Any CPU
		{24982365-3635-4CA8-A0C4-EB7BA69F1A44}.Debug|Any CPU.Build.0 = Debug|Any CPU
		{24982365-3635-4CA8-A0C4-EB7BA69F1A44}.Debug|iPhone.ActiveCfg = Debug|Any CPU
		{24982365-3635-4CA8-A0C4-EB7BA69F1A44}.Debug|iPhone.Build.0 = Debug|Any CPU
		{24982365-3635-4CA8-A0C4-EB7BA69F1A44}.Debug|iPhoneSimulator.ActiveCfg = Debug|Any CPU
		{24982365-3635-4CA8-A0C4-EB7BA69F1A44}.Debug|iPhoneSimulator.Build.0 = Debug|Any CPU
		{24982365-3635-4CA8-A0C4-EB7BA69F1A44}.Debug|x64.ActiveCfg = Debug|Any CPU
		{24982365-3635-4CA8-A0C4-EB7BA69F1A44}.Debug|x64.Build.0 = Debug|Any CPU
		{24982365-3635-4CA8-A0C4-EB7BA69F1A44}.Debug|x86.ActiveCfg = Debug|Any CPU
		{24982365-3635-4CA8-A0C4-EB7BA69F1A44}.Debug|x86.Build.0 = Debug|Any CPU
		{24982365-3635-4CA8-A0C4-EB7BA69F1A44}.Release|Any CPU.ActiveCfg = Release|Any CPU
		{24982365-3635-4CA8-A0C4-EB7BA69F1A44}.Release|Any CPU.Build.0 = Release|Any CPU
		{24982365-3635-4CA8-A0C4-EB7BA69F1A44}.Release|iPhone.ActiveCfg = Release|Any CPU
		{24982365-3635-4CA8-A0C4-EB7BA69F1A44}.Release|iPhone.Build.0 = Release|Any CPU
		{24982365-3635-4CA8-A0C4-EB7BA69F1A44}.Release|iPhoneSimulator.ActiveCfg = Release|Any CPU
		{24982365-3635-4CA8-A0C4-EB7BA69F1A44}.Release|iPhoneSimulator.Build.0 = Release|Any CPU
		{24982365-3635-4CA8-A0C4-EB7BA69F1A44}.Release|x64.ActiveCfg = Release|Any CPU
		{24982365-3635-4CA8-A0C4-EB7BA69F1A44}.Release|x64.Build.0 = Release|Any CPU
		{24982365-3635-4CA8-A0C4-EB7BA69F1A44}.Release|x86.ActiveCfg = Release|Any CPU
		{24982365-3635-4CA8-A0C4-EB7BA69F1A44}.Release|x86.Build.0 = Release|Any CPU
		{4FB4D4A0-0E67-45DA-A57B-181B65A4D681}.Debug|Any CPU.ActiveCfg = Debug|Any CPU
		{4FB4D4A0-0E67-45DA-A57B-181B65A4D681}.Debug|Any CPU.Build.0 = Debug|Any CPU
		{4FB4D4A0-0E67-45DA-A57B-181B65A4D681}.Debug|iPhone.ActiveCfg = Debug|Any CPU
		{4FB4D4A0-0E67-45DA-A57B-181B65A4D681}.Debug|iPhone.Build.0 = Debug|Any CPU
		{4FB4D4A0-0E67-45DA-A57B-181B65A4D681}.Debug|iPhoneSimulator.ActiveCfg = Debug|Any CPU
		{4FB4D4A0-0E67-45DA-A57B-181B65A4D681}.Debug|iPhoneSimulator.Build.0 = Debug|Any CPU
		{4FB4D4A0-0E67-45DA-A57B-181B65A4D681}.Debug|x64.ActiveCfg = Debug|Any CPU
		{4FB4D4A0-0E67-45DA-A57B-181B65A4D681}.Debug|x64.Build.0 = Debug|Any CPU
		{4FB4D4A0-0E67-45DA-A57B-181B65A4D681}.Debug|x86.ActiveCfg = Debug|Any CPU
		{4FB4D4A0-0E67-45DA-A57B-181B65A4D681}.Debug|x86.Build.0 = Debug|Any CPU
		{4FB4D4A0-0E67-45DA-A57B-181B65A4D681}.Release|Any CPU.ActiveCfg = Release|Any CPU
		{4FB4D4A0-0E67-45DA-A57B-181B65A4D681}.Release|Any CPU.Build.0 = Release|Any CPU
		{4FB4D4A0-0E67-45DA-A57B-181B65A4D681}.Release|iPhone.ActiveCfg = Release|Any CPU
		{4FB4D4A0-0E67-45DA-A57B-181B65A4D681}.Release|iPhone.Build.0 = Release|Any CPU
		{4FB4D4A0-0E67-45DA-A57B-181B65A4D681}.Release|iPhoneSimulator.ActiveCfg = Release|Any CPU
		{4FB4D4A0-0E67-45DA-A57B-181B65A4D681}.Release|iPhoneSimulator.Build.0 = Release|Any CPU
		{4FB4D4A0-0E67-45DA-A57B-181B65A4D681}.Release|x64.ActiveCfg = Release|Any CPU
		{4FB4D4A0-0E67-45DA-A57B-181B65A4D681}.Release|x64.Build.0 = Release|Any CPU
		{4FB4D4A0-0E67-45DA-A57B-181B65A4D681}.Release|x86.ActiveCfg = Release|Any CPU
		{4FB4D4A0-0E67-45DA-A57B-181B65A4D681}.Release|x86.Build.0 = Release|Any CPU
		{D45702D6-D307-4A4A-A948-CDF0EE5B289C}.Debug|Any CPU.ActiveCfg = Debug|Any CPU
		{D45702D6-D307-4A4A-A948-CDF0EE5B289C}.Debug|Any CPU.Build.0 = Debug|Any CPU
		{D45702D6-D307-4A4A-A948-CDF0EE5B289C}.Debug|iPhone.ActiveCfg = Debug|Any CPU
		{D45702D6-D307-4A4A-A948-CDF0EE5B289C}.Debug|iPhone.Build.0 = Debug|Any CPU
		{D45702D6-D307-4A4A-A948-CDF0EE5B289C}.Debug|iPhoneSimulator.ActiveCfg = Debug|Any CPU
		{D45702D6-D307-4A4A-A948-CDF0EE5B289C}.Debug|iPhoneSimulator.Build.0 = Debug|Any CPU
		{D45702D6-D307-4A4A-A948-CDF0EE5B289C}.Debug|x64.ActiveCfg = Debug|Any CPU
		{D45702D6-D307-4A4A-A948-CDF0EE5B289C}.Debug|x64.Build.0 = Debug|Any CPU
		{D45702D6-D307-4A4A-A948-CDF0EE5B289C}.Debug|x86.ActiveCfg = Debug|Any CPU
		{D45702D6-D307-4A4A-A948-CDF0EE5B289C}.Debug|x86.Build.0 = Debug|Any CPU
		{D45702D6-D307-4A4A-A948-CDF0EE5B289C}.Release|Any CPU.ActiveCfg = Release|Any CPU
		{D45702D6-D307-4A4A-A948-CDF0EE5B289C}.Release|Any CPU.Build.0 = Release|Any CPU
		{D45702D6-D307-4A4A-A948-CDF0EE5B289C}.Release|iPhone.ActiveCfg = Release|Any CPU
		{D45702D6-D307-4A4A-A948-CDF0EE5B289C}.Release|iPhone.Build.0 = Release|Any CPU
		{D45702D6-D307-4A4A-A948-CDF0EE5B289C}.Release|iPhoneSimulator.ActiveCfg = Release|Any CPU
		{D45702D6-D307-4A4A-A948-CDF0EE5B289C}.Release|iPhoneSimulator.Build.0 = Release|Any CPU
		{D45702D6-D307-4A4A-A948-CDF0EE5B289C}.Release|x64.ActiveCfg = Release|Any CPU
		{D45702D6-D307-4A4A-A948-CDF0EE5B289C}.Release|x64.Build.0 = Release|Any CPU
		{D45702D6-D307-4A4A-A948-CDF0EE5B289C}.Release|x86.ActiveCfg = Release|Any CPU
		{D45702D6-D307-4A4A-A948-CDF0EE5B289C}.Release|x86.Build.0 = Release|Any CPU
		{A8FD12A7-DEEC-47E0-857E-E59021188575}.Debug|Any CPU.ActiveCfg = Debug|Win32
		{A8FD12A7-DEEC-47E0-857E-E59021188575}.Debug|iPhone.ActiveCfg = Debug|Win32
		{A8FD12A7-DEEC-47E0-857E-E59021188575}.Debug|iPhoneSimulator.ActiveCfg = Debug|Win32
		{A8FD12A7-DEEC-47E0-857E-E59021188575}.Debug|x64.ActiveCfg = Debug|x64
		{A8FD12A7-DEEC-47E0-857E-E59021188575}.Debug|x64.Build.0 = Debug|x64
		{A8FD12A7-DEEC-47E0-857E-E59021188575}.Debug|x86.ActiveCfg = Debug|Win32
		{A8FD12A7-DEEC-47E0-857E-E59021188575}.Debug|x86.Build.0 = Debug|Win32
		{A8FD12A7-DEEC-47E0-857E-E59021188575}.Release|Any CPU.ActiveCfg = Release|Win32
		{A8FD12A7-DEEC-47E0-857E-E59021188575}.Release|iPhone.ActiveCfg = Release|Win32
		{A8FD12A7-DEEC-47E0-857E-E59021188575}.Release|iPhoneSimulator.ActiveCfg = Release|Win32
		{A8FD12A7-DEEC-47E0-857E-E59021188575}.Release|x64.ActiveCfg = Release|x64
		{A8FD12A7-DEEC-47E0-857E-E59021188575}.Release|x64.Build.0 = Release|x64
		{A8FD12A7-DEEC-47E0-857E-E59021188575}.Release|x86.ActiveCfg = Release|Win32
		{A8FD12A7-DEEC-47E0-857E-E59021188575}.Release|x86.Build.0 = Release|Win32
	EndGlobalSection
	GlobalSection(SolutionProperties) = preSolution
		HideSolutionNode = FALSE
	EndGlobalSection
	GlobalSection(ExtensibilityGlobals) = postSolution
		SolutionGuid = {50713126-79A5-4D7B-A5EC-8711C3CD7E04}
	EndGlobalSection
EndGlobal
