
Microsoft Visual Studio Solution File, Format Version 12.00
# Visual Studio Version 16
VisualStudioVersion = 16.0.32002.261
MinimumVisualStudioVersion = 10.0.40219.1
Project("{FAE04EC0-301F-11D3-BF4B-00C04F79EFBC}") = "App1", "App1\App1.csproj", "{C9706682-CE2E-450D-8BD5-769439DF1F37}"
EndProject
Global
	GlobalSection(SolutionConfigurationPlatforms) = preSolution
		Debug|Any CPU = Debug|Any CPU
		Release|Any CPU = Release|Any CPU
	EndGlobalSection
	GlobalSection(ProjectConfigurationPlatforms) = postSolution
		{C9706682-CE2E-450D-8BD5-769439DF1F37}.Debug|Any CPU.ActiveCfg = Debug|Any CPU
		{C9706682-CE2E-450D-8BD5-769439DF1F37}.Debug|Any CPU.Build.0 = Debug|Any CPU
		{C9706682-CE2E-450D-8BD5-769439DF1F37}.Debug|Any CPU.Deploy.0 = Debug|Any CPU
		{C9706682-CE2E-450D-8BD5-769439DF1F37}.Release|Any CPU.ActiveCfg = Release|Any CPU
		{C9706682-CE2E-450D-8BD5-769439DF1F37}.Release|Any CPU.Build.0 = Release|Any CPU
		{C9706682-CE2E-450D-8BD5-769439DF1F37}.Release|Any CPU.Deploy.0 = Release|Any CPU
	EndGlobalSection
	GlobalSection(SolutionProperties) = preSolution
		HideSolutionNode = FALSE
	EndGlobalSection
	GlobalSection(ExtensibilityGlobals) = postSolution
		SolutionGuid = {50713126-79A5-4D7B-A5EC-8711C3CD7E04}
	EndGlobalSection
EndGlobal
